
Microsoft Visual Studio Solution File, Format Version 12.00
# Visual Studio Version 17
VisualStudioVersion = 17.3.32929.385
MinimumVisualStudioVersion = 10.0.40219.1
Project("{FAE04EC0-301F-11D3-BF4B-00C04F79EFBC}") = "PuzzleGame_Exam", "PuzzleGame_Exam\PuzzleGame_Exam.csproj", "{D311DAE6-1B6A-4821-8EAF-779BCE3A7FA1}"
EndProject
Global
	GlobalSection(SolutionConfigurationPlatforms) = preSolution
		Debug|Any CPU = Debug|Any CPU
		Release|Any CPU = Release|Any CPU
	EndGlobalSection
	GlobalSection(ProjectConfigurationPlatforms) = postSolution
		{D311DAE6-1B6A-4821-8EAF-779BCE3A7FA1}.Debug|Any CPU.ActiveCfg = Debug|Any CPU
		{D311DAE6-1B6A-4821-8EAF-779BCE3A7FA1}.Debug|Any CPU.Build.0 = Debug|Any CPU
		{D311DAE6-1B6A-4821-8EAF-779BCE3A7FA1}.Release|Any CPU.ActiveCfg = Release|Any CPU
		{D311DAE6-1B6A-4821-8EAF-779BCE3A7FA1}.Release|Any CPU.Build.0 = Release|Any CPU
	EndGlobalSection
	GlobalSection(SolutionProperties) = preSolution
		HideSolutionNode = FALSE
	EndGlobalSection
	GlobalSection(ExtensibilityGlobals) = postSolution
		SolutionGuid = {5D63039F-E070-41D1-8E65-F28EF17F9EB5}
	EndGlobalSection
EndGlobal
